// !$*UTF8*$!
{
	archiveVersion = 1;
	classes = {
	};
	objectVersion = 56;
	objects = {

/* Begin PBXBuildFile section */
		FA6BC78C2DDB623A001F319F /* swift_frontendApp.swift in Sources */ = {isa = PBXBuildFile; fileRef = FA6BC78B2DDB623A001F319F /* swift_frontendApp.swift */; };
		FA6BC7902DDB623D001F319F /* Assets.xcassets in Resources */ = {isa = PBXBuildFile; fileRef = FA6BC78F2DDB623D001F319F /* Assets.xcassets */; };
		FA6BC7932DDB623D001F319F /* Preview Assets.xcassets in Resources */ = {isa = PBXBuildFile; fileRef = FA6BC7922DDB623D001F319F /* Preview Assets.xcassets */; };
		FA6BC79D2DDB623D001F319F /* swift_frontendTests.swift in Sources */ = {isa = PBXBuildFile; fileRef = FA6BC79C2DDB623D001F319F /* swift_frontendTests.swift */; };
		FA6BC7A72DDB623D001F319F /* swift_frontendUITests.swift in Sources */ = {isa = PBXBuildFile; fileRef = FA6BC7A62DDB623D001F319F /* swift_frontendUITests.swift */; };
		FA6BC7A92DDB623D001F319F /* swift_frontendUITestsLaunchTests.swift in Sources */ = {isa = PBXBuildFile; fileRef = FA6BC7A82DDB623D001F319F /* swift_frontendUITestsLaunchTests.swift */; };
		FAF56D762DEDC3CB00F1EEEE /* Player.swift in Sources */ = {isa = PBXBuildFile; fileRef = FAF56D752DEDC3CB00F1EEEE /* Player.swift */; };
		FAF56D782DEDC3E400F1EEEE /* Team.swift in Sources */ = {isa = PBXBuildFile; fileRef = FAF56D772DEDC3E400F1EEEE /* Team.swift */; };
		FAF56D7D2DEDC45200F1EEEE /* GameData.swift in Sources */ = {isa = PBXBuildFile; fileRef = FAF56D7C2DEDC45200F1EEEE /* GameData.swift */; };
		FAF56D7F2DEDC9A500F1EEEE /* BoardView.swift in Sources */ = {isa = PBXBuildFile; fileRef = FAF56D7E2DEDC9A500F1EEEE /* BoardView.swift */; };
		FAF56D812DEDCFF700F1EEEE /* MiniGameView.swift in Sources */ = {isa = PBXBuildFile; fileRef = FAF56D802DEDCFF700F1EEEE /* MiniGameView.swift */; };
		FAF8317C2DDB64E0000F5132 /* Word.swift in Sources */ = {isa = PBXBuildFile; fileRef = FAF8317B2DDB64E0000F5132 /* Word.swift */; };
		FAF831802DDB65DE000F5132 /* WordViewModel.swift in Sources */ = {isa = PBXBuildFile; fileRef = FAF8317F2DDB65DE000F5132 /* WordViewModel.swift */; };
		FAF831862DDC5FBC000F5132 /* TeamSelectView.swift in Sources */ = {isa = PBXBuildFile; fileRef = FAF831852DDC5FBC000F5132 /* TeamSelectView.swift */; };
/* End PBXBuildFile section */

/* Begin PBXContainerItemProxy section */
		FA6BC7992DDB623D001F319F /* PBXContainerItemProxy */ = {
			isa = PBXContainerItemProxy;
			containerPortal = FA6BC7802DDB6239001F319F /* Project object */;
			proxyType = 1;
			remoteGlobalIDString = FA6BC7872DDB6239001F319F;
			remoteInfo = "swift-frontend";
		};
		FA6BC7A32DDB623D001F319F /* PBXContainerItemProxy */ = {
			isa = PBXContainerItemProxy;
			containerPortal = FA6BC7802DDB6239001F319F /* Project object */;
			proxyType = 1;
			remoteGlobalIDString = FA6BC7872DDB6239001F319F;
			remoteInfo = "swift-frontend";
		};
/* End PBXContainerItemProxy section */

/* Begin PBXFileReference section */
		FA6BC7882DDB623A001F319F /* swift-frontend.app */ = {isa = PBXFileReference; explicitFileType = wrapper.application; includeInIndex = 0; path = "swift-frontend.app"; sourceTree = BUILT_PRODUCTS_DIR; };
		FA6BC78B2DDB623A001F319F /* swift_frontendApp.swift */ = {isa = PBXFileReference; lastKnownFileType = sourcecode.swift; path = swift_frontendApp.swift; sourceTree = "<group>"; };
		FA6BC78F2DDB623D001F319F /* Assets.xcassets */ = {isa = PBXFileReference; lastKnownFileType = folder.assetcatalog; path = Assets.xcassets; sourceTree = "<group>"; };
		FA6BC7922DDB623D001F319F /* Preview Assets.xcassets */ = {isa = PBXFileReference; lastKnownFileType = folder.assetcatalog; path = "Preview Assets.xcassets"; sourceTree = "<group>"; };
		FA6BC7982DDB623D001F319F /* swift-frontendTests.xctest */ = {isa = PBXFileReference; explicitFileType = wrapper.cfbundle; includeInIndex = 0; path = "swift-frontendTests.xctest"; sourceTree = BUILT_PRODUCTS_DIR; };
		FA6BC79C2DDB623D001F319F /* swift_frontendTests.swift */ = {isa = PBXFileReference; lastKnownFileType = sourcecode.swift; path = swift_frontendTests.swift; sourceTree = "<group>"; };
		FA6BC7A22DDB623D001F319F /* swift-frontendUITests.xctest */ = {isa = PBXFileReference; explicitFileType = wrapper.cfbundle; includeInIndex = 0; path = "swift-frontendUITests.xctest"; sourceTree = BUILT_PRODUCTS_DIR; };
		FA6BC7A62DDB623D001F319F /* swift_frontendUITests.swift */ = {isa = PBXFileReference; lastKnownFileType = sourcecode.swift; path = swift_frontendUITests.swift; sourceTree = "<group>"; };
		FA6BC7A82DDB623D001F319F /* swift_frontendUITestsLaunchTests.swift */ = {isa = PBXFileReference; lastKnownFileType = sourcecode.swift; path = swift_frontendUITestsLaunchTests.swift; sourceTree = "<group>"; };
		FAF56D752DEDC3CB00F1EEEE /* Player.swift */ = {isa = PBXFileReference; lastKnownFileType = sourcecode.swift; path = Player.swift; sourceTree = "<group>"; };
		FAF56D772DEDC3E400F1EEEE /* Team.swift */ = {isa = PBXFileReference; lastKnownFileType = sourcecode.swift; path = Team.swift; sourceTree = "<group>"; };
		FAF56D7C2DEDC45200F1EEEE /* GameData.swift */ = {isa = PBXFileReference; lastKnownFileType = sourcecode.swift; path = GameData.swift; sourceTree = "<group>"; };
		FAF56D7E2DEDC9A500F1EEEE /* BoardView.swift */ = {isa = PBXFileReference; lastKnownFileType = sourcecode.swift; path = BoardView.swift; sourceTree = "<group>"; };
		FAF56D802DEDCFF700F1EEEE /* MiniGameView.swift */ = {isa = PBXFileReference; lastKnownFileType = sourcecode.swift; path = MiniGameView.swift; sourceTree = "<group>"; };
		FAF8317B2DDB64E0000F5132 /* Word.swift */ = {isa = PBXFileReference; lastKnownFileType = sourcecode.swift; path = Word.swift; sourceTree = "<group>"; };
		FAF8317F2DDB65DE000F5132 /* WordViewModel.swift */ = {isa = PBXFileReference; lastKnownFileType = sourcecode.swift; path = WordViewModel.swift; sourceTree = "<group>"; };
		FAF831852DDC5FBC000F5132 /* TeamSelectView.swift */ = {isa = PBXFileReference; lastKnownFileType = sourcecode.swift; path = TeamSelectView.swift; sourceTree = "<group>"; };
/* End PBXFileReference section */

/* Begin PBXFrameworksBuildPhase section */
		FA6BC7852DDB6239001F319F /* Frameworks */ = {
			isa = PBXFrameworksBuildPhase;
			buildActionMask = 2147483647;
			files = (
			);
			runOnlyForDeploymentPostprocessing = 0;
		};
		FA6BC7952DDB623D001F319F /* Frameworks */ = {
			isa = PBXFrameworksBuildPhase;
			buildActionMask = 2147483647;
			files = (
			);
			runOnlyForDeploymentPostprocessing = 0;
		};
		FA6BC79F2DDB623D001F319F /* Frameworks */ = {
			isa = PBXFrameworksBuildPhase;
			buildActionMask = 2147483647;
			files = (
			);
			runOnlyForDeploymentPostprocessing = 0;
		};
/* End PBXFrameworksBuildPhase section */

/* Begin PBXGroup section */
		FA6BC77F2DDB6239001F319F = {
			isa = PBXGroup;
			children = (
				FA6BC78A2DDB623A001F319F /* swift-frontend */,
				FA6BC79B2DDB623D001F319F /* swift-frontendTests */,
				FA6BC7A52DDB623D001F319F /* swift-frontendUITests */,
				FA6BC7892DDB623A001F319F /* Products */,
			);
			sourceTree = "<group>";
		};
		FA6BC7892DDB623A001F319F /* Products */ = {
			isa = PBXGroup;
			children = (
				FA6BC7882DDB623A001F319F /* swift-frontend.app */,
				FA6BC7982DDB623D001F319F /* swift-frontendTests.xctest */,
				FA6BC7A22DDB623D001F319F /* swift-frontendUITests.xctest */,
			);
			name = Products;
			sourceTree = "<group>";
		};
		FA6BC78A2DDB623A001F319F /* swift-frontend */ = {
			isa = PBXGroup;
			children = (
				FAF56D742DEDC33900F1EEEE /* views */,
				FAF56D732DEDC32900F1EEEE /* models */,
				FA6BC78F2DDB623D001F319F /* Assets.xcassets */,
				FAF56D7B2DEDC43000F1EEEE /* Data */,
				FA6BC7912DDB623D001F319F /* Preview Content */,
			);
			path = "swift-frontend";
			sourceTree = "<group>";
		};
		FA6BC7912DDB623D001F319F /* Preview Content */ = {
			isa = PBXGroup;
			children = (
				FA6BC7922DDB623D001F319F /* Preview Assets.xcassets */,
			);
			path = "Preview Content";
			sourceTree = "<group>";
		};
		FA6BC79B2DDB623D001F319F /* swift-frontendTests */ = {
			isa = PBXGroup;
			children = (
				FA6BC79C2DDB623D001F319F /* swift_frontendTests.swift */,
			);
			path = "swift-frontendTests";
			sourceTree = "<group>";
		};
		FA6BC7A52DDB623D001F319F /* swift-frontendUITests */ = {
			isa = PBXGroup;
			children = (
				FA6BC7A62DDB623D001F319F /* swift_frontendUITests.swift */,
				FA6BC7A82DDB623D001F319F /* swift_frontendUITestsLaunchTests.swift */,
			);
			path = "swift-frontendUITests";
			sourceTree = "<group>";
		};
		FAF56D732DEDC32900F1EEEE /* models */ = {
			isa = PBXGroup;
			children = (
				FAF8317B2DDB64E0000F5132 /* Word.swift */,
				FAF8317F2DDB65DE000F5132 /* WordViewModel.swift */,
				FAF56D752DEDC3CB00F1EEEE /* Player.swift */,
				FAF56D772DEDC3E400F1EEEE /* Team.swift */,
			);
			path = models;
			sourceTree = "<group>";
		};
		FAF56D742DEDC33900F1EEEE /* views */ = {
			isa = PBXGroup;
			children = (
				FA6BC78B2DDB623A001F319F /* swift_frontendApp.swift */,
				FAF831852DDC5FBC000F5132 /* TeamSelectView.swift */,
				FAF56D7E2DEDC9A500F1EEEE /* BoardView.swift */,
				FAF56D802DEDCFF700F1EEEE /* MiniGameView.swift */,
			);
			path = views;
			sourceTree = "<group>";
		};
		FAF56D7B2DEDC43000F1EEEE /* Data */ = {
			isa = PBXGroup;
			children = (
				FAF56D7C2DEDC45200F1EEEE /* GameData.swift */,
			);
			path = Data;
			sourceTree = "<group>";
		};
/* End PBXGroup section */

/* Begin PBXNativeTarget section */
		FA6BC7872DDB6239001F319F /* swift-frontend */ = {
			isa = PBXNativeTarget;
			buildConfigurationList = FA6BC7AC2DDB623D001F319F /* Build configuration list for PBXNativeTarget "swift-frontend" */;
			buildPhases = (
				FA6BC7842DDB6239001F319F /* Sources */,
				FA6BC7852DDB6239001F319F /* Frameworks */,
				FA6BC7862DDB6239001F319F /* Resources */,
			);
			buildRules = (
			);
			dependencies = (
			);
			name = "swift-frontend";
			productName = "swift-frontend";
			productReference = FA6BC7882DDB623A001F319F /* swift-frontend.app */;
			productType = "com.apple.product-type.application";
		};
		FA6BC7972DDB623D001F319F /* swift-frontendTests */ = {
			isa = PBXNativeTarget;
			buildConfigurationList = FA6BC7AF2DDB623D001F319F /* Build configuration list for PBXNativeTarget "swift-frontendTests" */;
			buildPhases = (
				FA6BC7942DDB623D001F319F /* Sources */,
				FA6BC7952DDB623D001F319F /* Frameworks */,
				FA6BC7962DDB623D001F319F /* Resources */,
			);
			buildRules = (
			);
			dependencies = (
				FA6BC79A2DDB623D001F319F /* PBXTargetDependency */,
			);
			name = "swift-frontendTests";
			productName = "swift-frontendTests";
			productReference = FA6BC7982DDB623D001F319F /* swift-frontendTests.xctest */;
			productType = "com.apple.product-type.bundle.unit-test";
		};
		FA6BC7A12DDB623D001F319F /* swift-frontendUITests */ = {
			isa = PBXNativeTarget;
			buildConfigurationList = FA6BC7B22DDB623D001F319F /* Build configuration list for PBXNativeTarget "swift-frontendUITests" */;
			buildPhases = (
				FA6BC79E2DDB623D001F319F /* Sources */,
				FA6BC79F2DDB623D001F319F /* Frameworks */,
				FA6BC7A02DDB623D001F319F /* Resources */,
			);
			buildRules = (
			);
			dependencies = (
				FA6BC7A42DDB623D001F319F /* PBXTargetDependency */,
			);
			name = "swift-frontendUITests";
			productName = "swift-frontendUITests";
			productReference = FA6BC7A22DDB623D001F319F /* swift-frontendUITests.xctest */;
			productType = "com.apple.product-type.bundle.ui-testing";
		};
/* End PBXNativeTarget section */

/* Begin PBXProject section */
		FA6BC7802DDB6239001F319F /* Project object */ = {
			isa = PBXProject;
			attributes = {
				BuildIndependentTargetsInParallel = 1;
				LastSwiftUpdateCheck = 1520;
				LastUpgradeCheck = 1520;
				TargetAttributes = {
					FA6BC7872DDB6239001F319F = {
						CreatedOnToolsVersion = 15.2;
					};
					FA6BC7972DDB623D001F319F = {
						CreatedOnToolsVersion = 15.2;
						TestTargetID = FA6BC7872DDB6239001F319F;
					};
					FA6BC7A12DDB623D001F319F = {
						CreatedOnToolsVersion = 15.2;
						TestTargetID = FA6BC7872DDB6239001F319F;
					};
				};
			};
			buildConfigurationList = FA6BC7832DDB6239001F319F /* Build configuration list for PBXProject "swift-frontend" */;
			compatibilityVersion = "Xcode 14.0";
			developmentRegion = en;
			hasScannedForEncodings = 0;
			knownRegions = (
				en,
				Base,
			);
			mainGroup = FA6BC77F2DDB6239001F319F;
			productRefGroup = FA6BC7892DDB623A001F319F /* Products */;
			projectDirPath = "";
			projectRoot = "";
			targets = (
				FA6BC7872DDB6239001F319F /* swift-frontend */,
				FA6BC7972DDB623D001F319F /* swift-frontendTests */,
				FA6BC7A12DDB623D001F319F /* swift-frontendUITests */,
			);
		};
/* End PBXProject section */

/* Begin PBXResourcesBuildPhase section */
		FA6BC7862DDB6239001F319F /* Resources */ = {
			isa = PBXResourcesBuildPhase;
			buildActionMask = 2147483647;
			files = (
				FA6BC7932DDB623D001F319F /* Preview Assets.xcassets in Resources */,
				FA6BC7902DDB623D001F319F /* Assets.xcassets in Resources */,
			);
			runOnlyForDeploymentPostprocessing = 0;
		};
		FA6BC7962DDB623D001F319F /* Resources */ = {
			isa = PBXResourcesBuildPhase;
			buildActionMask = 2147483647;
			files = (
			);
			runOnlyForDeploymentPostprocessing = 0;
		};
		FA6BC7A02DDB623D001F319F /* Resources */ = {
			isa = PBXResourcesBuildPhase;
			buildActionMask = 2147483647;
			files = (
			);
			runOnlyForDeploymentPostprocessing = 0;
		};
/* End PBXResourcesBuildPhase section */

/* Begin PBXSourcesBuildPhase section */
		FA6BC7842DDB6239001F319F /* Sources */ = {
			isa = PBXSourcesBuildPhase;
			buildActionMask = 2147483647;
			files = (
				FAF831802DDB65DE000F5132 /* WordViewModel.swift in Sources */,
				FAF56D782DEDC3E400F1EEEE /* Team.swift in Sources */,
				FAF831862DDC5FBC000F5132 /* TeamSelectView.swift in Sources */,
				FA6BC78C2DDB623A001F319F /* swift_frontendApp.swift in Sources */,
				FAF56D7D2DEDC45200F1EEEE /* GameData.swift in Sources */,
				FAF56D7F2DEDC9A500F1EEEE /* BoardView.swift in Sources */,
				FAF56D762DEDC3CB00F1EEEE /* Player.swift in Sources */,
				FAF56D812DEDCFF700F1EEEE /* MiniGameView.swift in Sources */,
				FAF8317C2DDB64E0000F5132 /* Word.swift in Sources */,
			);
			runOnlyForDeploymentPostprocessing = 0;
		};
		FA6BC7942DDB623D001F319F /* Sources */ = {
			isa = PBXSourcesBuildPhase;
			buildActionMask = 2147483647;
			files = (
				FA6BC79D2DDB623D001F319F /* swift_frontendTests.swift in Sources */,
			);
			runOnlyForDeploymentPostprocessing = 0;
		};
		FA6BC79E2DDB623D001F319F /* Sources */ = {
			isa = PBXSourcesBuildPhase;
			buildActionMask = 2147483647;
			files = (
				FA6BC7A92DDB623D001F319F /* swift_frontendUITestsLaunchTests.swift in Sources */,
				FA6BC7A72DDB623D001F319F /* swift_frontendUITests.swift in Sources */,
			);
			runOnlyForDeploymentPostprocessing = 0;
		};
/* End PBXSourcesBuildPhase section */

/* Begin PBXTargetDependency section */
		FA6BC79A2DDB623D001F319F /* PBXTargetDependency */ = {
			isa = PBXTargetDependency;
			target = FA6BC7872DDB6239001F319F /* swift-frontend */;
			targetProxy = FA6BC7992DDB623D001F319F /* PBXContainerItemProxy */;
		};
		FA6BC7A42DDB623D001F319F /* PBXTargetDependency */ = {
			isa = PBXTargetDependency;
			target = FA6BC7872DDB6239001F319F /* swift-frontend */;
			targetProxy = FA6BC7A32DDB623D001F319F /* PBXContainerItemProxy */;
		};
/* End PBXTargetDependency section */

/* Begin XCBuildConfiguration section */
		FA6BC7AA2DDB623D001F319F /* Debug */ = {
			isa = XCBuildConfiguration;
			buildSettings = {
				ALWAYS_SEARCH_USER_PATHS = NO;
				ASSETCATALOG_COMPILER_GENERATE_SWIFT_ASSET_SYMBOL_EXTENSIONS = YES;
				CLANG_ANALYZER_NONNULL = YES;
				CLANG_ANALYZER_NUMBER_OBJECT_CONVERSION = YES_AGGRESSIVE;
				CLANG_CXX_LANGUAGE_STANDARD = "gnu++20";
				CLANG_ENABLE_MODULES = YES;
				CLANG_ENABLE_OBJC_ARC = YES;
				CLANG_ENABLE_OBJC_WEAK = YES;
				CLANG_WARN_BLOCK_CAPTURE_AUTORELEASING = YES;
				CLANG_WARN_BOOL_CONVERSION = YES;
				CLANG_WARN_COMMA = YES;
				CLANG_WARN_CONSTANT_CONVERSION = YES;
				CLANG_WARN_DEPRECATED_OBJC_IMPLEMENTATIONS = YES;
				CLANG_WARN_DIRECT_OBJC_ISA_USAGE = YES_ERROR;
				CLANG_WARN_DOCUMENTATION_COMMENTS = YES;
				CLANG_WARN_EMPTY_BODY = YES;
				CLANG_WARN_ENUM_CONVERSION = YES;
				CLANG_WARN_INFINITE_RECURSION = YES;
				CLANG_WARN_INT_CONVERSION = YES;
				CLANG_WARN_NON_LITERAL_NULL_CONVERSION = YES;
				CLANG_WARN_OBJC_IMPLICIT_RETAIN_SELF = YES;
				CLANG_WARN_OBJC_LITERAL_CONVERSION = YES;
				CLANG_WARN_OBJC_ROOT_CLASS = YES_ERROR;
				CLANG_WARN_QUOTED_INCLUDE_IN_FRAMEWORK_HEADER = YES;
				CLANG_WARN_RANGE_LOOP_ANALYSIS = YES;
				CLANG_WARN_STRICT_PROTOTYPES = YES;
				CLANG_WARN_SUSPICIOUS_MOVE = YES;
				CLANG_WARN_UNGUARDED_AVAILABILITY = YES_AGGRESSIVE;
				CLANG_WARN_UNREACHABLE_CODE = YES;
				CLANG_WARN__DUPLICATE_METHOD_MATCH = YES;
				COPY_PHASE_STRIP = NO;
				DEBUG_INFORMATION_FORMAT = dwarf;
				ENABLE_STRICT_OBJC_MSGSEND = YES;
				ENABLE_TESTABILITY = YES;
				ENABLE_USER_SCRIPT_SANDBOXING = YES;
				GCC_C_LANGUAGE_STANDARD = gnu17;
				GCC_DYNAMIC_NO_PIC = NO;
				GCC_NO_COMMON_BLOCKS = YES;
				GCC_OPTIMIZATION_LEVEL = 0;
				GCC_PREPROCESSOR_DEFINITIONS = (
					"DEBUG=1",
					"$(inherited)",
				);
				GCC_WARN_64_TO_32_BIT_CONVERSION = YES;
				GCC_WARN_ABOUT_RETURN_TYPE = YES_ERROR;
				GCC_WARN_UNDECLARED_SELECTOR = YES;
				GCC_WARN_UNINITIALIZED_AUTOS = YES_AGGRESSIVE;
				GCC_WARN_UNUSED_FUNCTION = YES;
				GCC_WARN_UNUSED_VARIABLE = YES;
				IPHONEOS_DEPLOYMENT_TARGET = 17.2;
				LOCALIZATION_PREFERS_STRING_CATALOGS = YES;
				MTL_ENABLE_DEBUG_INFO = INCLUDE_SOURCE;
				MTL_FAST_MATH = YES;
				ONLY_ACTIVE_ARCH = YES;
				SDKROOT = iphoneos;
				SWIFT_ACTIVE_COMPILATION_CONDITIONS = "DEBUG $(inherited)";
				SWIFT_OPTIMIZATION_LEVEL = "-Onone";
			};
			name = Debug;
		};
		FA6BC7AB2DDB623D001F319F /* Release */ = {
			isa = XCBuildConfiguration;
			buildSettings = {
				ALWAYS_SEARCH_USER_PATHS = NO;
				ASSETCATALOG_COMPILER_GENERATE_SWIFT_ASSET_SYMBOL_EXTENSIONS = YES;
				CLANG_ANALYZER_NONNULL = YES;
				CLANG_ANALYZER_NUMBER_OBJECT_CONVERSION = YES_AGGRESSIVE;
				CLANG_CXX_LANGUAGE_STANDARD = "gnu++20";
				CLANG_ENABLE_MODULES = YES;
				CLANG_ENABLE_OBJC_ARC = YES;
				CLANG_ENABLE_OBJC_WEAK = YES;
				CLANG_WARN_BLOCK_CAPTURE_AUTORELEASING = YES;
				CLANG_WARN_BOOL_CONVERSION = YES;
				CLANG_WARN_COMMA = YES;
				CLANG_WARN_CONSTANT_CONVERSION = YES;
				CLANG_WARN_DEPRECATED_OBJC_IMPLEMENTATIONS = YES;
				CLANG_WARN_DIRECT_OBJC_ISA_USAGE = YES_ERROR;
				CLANG_WARN_DOCUMENTATION_COMMENTS = YES;
				CLANG_WARN_EMPTY_BODY = YES;
				CLANG_WARN_ENUM_CONVERSION = YES;
				CLANG_WARN_INFINITE_RECURSION = YES;
				CLANG_WARN_INT_CONVERSION = YES;
				CLANG_WARN_NON_LITERAL_NULL_CONVERSION = YES;
				CLANG_WARN_OBJC_IMPLICIT_RETAIN_SELF = YES;
				CLANG_WARN_OBJC_LITERAL_CONVERSION = YES;
				CLANG_WARN_OBJC_ROOT_CLASS = YES_ERROR;
				CLANG_WARN_QUOTED_INCLUDE_IN_FRAMEWORK_HEADER = YES;
				CLANG_WARN_RANGE_LOOP_ANALYSIS = YES;
				CLANG_WARN_STRICT_PROTOTYPES = YES;
				CLANG_WARN_SUSPICIOUS_MOVE = YES;
				CLANG_WARN_UNGUARDED_AVAILABILITY = YES_AGGRESSIVE;
				CLANG_WARN_UNREACHABLE_CODE = YES;
				CLANG_WARN__DUPLICATE_METHOD_MATCH = YES;
				COPY_PHASE_STRIP = NO;
				DEBUG_INFORMATION_FORMAT = "dwarf-with-dsym";
				ENABLE_NS_ASSERTIONS = NO;
				ENABLE_STRICT_OBJC_MSGSEND = YES;
				ENABLE_USER_SCRIPT_SANDBOXING = YES;
				GCC_C_LANGUAGE_STANDARD = gnu17;
				GCC_NO_COMMON_BLOCKS = YES;
				GCC_WARN_64_TO_32_BIT_CONVERSION = YES;
				GCC_WARN_ABOUT_RETURN_TYPE = YES_ERROR;
				GCC_WARN_UNDECLARED_SELECTOR = YES;
				GCC_WARN_UNINITIALIZED_AUTOS = YES_AGGRESSIVE;
				GCC_WARN_UNUSED_FUNCTION = YES;
				GCC_WARN_UNUSED_VARIABLE = YES;
				IPHONEOS_DEPLOYMENT_TARGET = 17.2;
				LOCALIZATION_PREFERS_STRING_CATALOGS = YES;
				MTL_ENABLE_DEBUG_INFO = NO;
				MTL_FAST_MATH = YES;
				SDKROOT = iphoneos;
				SWIFT_COMPILATION_MODE = wholemodule;
				VALIDATE_PRODUCT = YES;
			};
			name = Release;
		};
		FA6BC7AD2DDB623D001F319F /* Debug */ = {
			isa = XCBuildConfiguration;
			buildSettings = {
				ASSETCATALOG_COMPILER_APPICON_NAME = AppIcon;
				ASSETCATALOG_COMPILER_GLOBAL_ACCENT_COLOR_NAME = AccentColor;
				CODE_SIGN_STYLE = Automatic;
				CURRENT_PROJECT_VERSION = 1;
				DEVELOPMENT_ASSET_PATHS = "\"swift-frontend/Preview Content\"";
				ENABLE_PREVIEWS = YES;
				GENERATE_INFOPLIST_FILE = YES;
				INFOPLIST_KEY_UIApplicationSceneManifest_Generation = YES;
				INFOPLIST_KEY_UIApplicationSupportsIndirectInputEvents = YES;
				INFOPLIST_KEY_UILaunchScreen_Generation = YES;
				INFOPLIST_KEY_UISupportedInterfaceOrientations_iPad = "UIInterfaceOrientationPortrait UIInterfaceOrientationPortraitUpsideDown UIInterfaceOrientationLandscapeLeft UIInterfaceOrientationLandscapeRight";
				INFOPLIST_KEY_UISupportedInterfaceOrientations_iPhone = "UIInterfaceOrientationPortrait UIInterfaceOrientationLandscapeLeft UIInterfaceOrientationLandscapeRight";
				LD_RUNPATH_SEARCH_PATHS = (
					"$(inherited)",
					"@executable_path/Frameworks",
				);
				MARKETING_VERSION = 1.0;
				PRODUCT_BUNDLE_IDENTIFIER = "at.ac.htl-leonding.swift-frontend";
				PRODUCT_NAME = "$(TARGET_NAME)";
				SWIFT_EMIT_LOC_STRINGS = YES;
				SWIFT_VERSION = 5.0;
				TARGETED_DEVICE_FAMILY = "1,2";
			};
			name = Debug;
		};
		FA6BC7AE2DDB623D001F319F /* Release */ = {
			isa = XCBuildConfiguration;
			buildSettings = {
				ASSETCATALOG_COMPILER_APPICON_NAME = AppIcon;
				ASSETCATALOG_COMPILER_GLOBAL_ACCENT_COLOR_NAME = AccentColor;
				CODE_SIGN_STYLE = Automatic;
				CURRENT_PROJECT_VERSION = 1;
				DEVELOPMENT_ASSET_PATHS = "\"swift-frontend/Preview Content\"";
				ENABLE_PREVIEWS = YES;
				GENERATE_INFOPLIST_FILE = YES;
				INFOPLIST_KEY_UIApplicationSceneManifest_Generation = YES;
				INFOPLIST_KEY_UIApplicationSupportsIndirectInputEvents = YES;
				INFOPLIST_KEY_UILaunchScreen_Generation = YES;
				INFOPLIST_KEY_UISupportedInterfaceOrientations_iPad = "UIInterfaceOrientationPortrait UIInterfaceOrientationPortraitUpsideDown UIInterfaceOrientationLandscapeLeft UIInterfaceOrientationLandscapeRight";
				INFOPLIST_KEY_UISupportedInterfaceOrientations_iPhone = "UIInterfaceOrientationPortrait UIInterfaceOrientationLandscapeLeft UIInterfaceOrientationLandscapeRight";
				LD_RUNPATH_SEARCH_PATHS = (
					"$(inherited)",
					"@executable_path/Frameworks",
				);
				MARKETING_VERSION = 1.0;
				PRODUCT_BUNDLE_IDENTIFIER = "at.ac.htl-leonding.swift-frontend";
				PRODUCT_NAME = "$(TARGET_NAME)";
				SWIFT_EMIT_LOC_STRINGS = YES;
				SWIFT_VERSION = 5.0;
				TARGETED_DEVICE_FAMILY = "1,2";
			};
			name = Release;
		};
		FA6BC7B02DDB623D001F319F /* Debug */ = {
			isa = XCBuildConfiguration;
			buildSettings = {
				ALWAYS_EMBED_SWIFT_STANDARD_LIBRARIES = YES;
				BUNDLE_LOADER = "$(TEST_HOST)";
				CODE_SIGN_STYLE = Automatic;
				CURRENT_PROJECT_VERSION = 1;
				GENERATE_INFOPLIST_FILE = YES;
				IPHONEOS_DEPLOYMENT_TARGET = 17.2;
				MARKETING_VERSION = 1.0;
				PRODUCT_BUNDLE_IDENTIFIER = "at.ac.htl-leonding.swift-frontendTests";
				PRODUCT_NAME = "$(TARGET_NAME)";
				SWIFT_EMIT_LOC_STRINGS = NO;
				SWIFT_VERSION = 5.0;
				TARGETED_DEVICE_FAMILY = "1,2";
				TEST_HOST = "$(BUILT_PRODUCTS_DIR)/swift-frontend.app/$(BUNDLE_EXECUTABLE_FOLDER_PATH)/swift-frontend";
			};
			name = Debug;
		};
		FA6BC7B12DDB623D001F319F /* Release */ = {
			isa = XCBuildConfiguration;
			buildSettings = {
				ALWAYS_EMBED_SWIFT_STANDARD_LIBRARIES = YES;
				BUNDLE_LOADER = "$(TEST_HOST)";
				CODE_SIGN_STYLE = Automatic;
				CURRENT_PROJECT_VERSION = 1;
				GENERATE_INFOPLIST_FILE = YES;
				IPHONEOS_DEPLOYMENT_TARGET = 17.2;
				MARKETING_VERSION = 1.0;
				PRODUCT_BUNDLE_IDENTIFIER = "at.ac.htl-leonding.swift-frontendTests";
				PRODUCT_NAME = "$(TARGET_NAME)";
				SWIFT_EMIT_LOC_STRINGS = NO;
				SWIFT_VERSION = 5.0;
				TARGETED_DEVICE_FAMILY = "1,2";
				TEST_HOST = "$(BUILT_PRODUCTS_DIR)/swift-frontend.app/$(BUNDLE_EXECUTABLE_FOLDER_PATH)/swift-frontend";
			};
			name = Release;
		};
		FA6BC7B32DDB623D001F319F /* Debug */ = {
			isa = XCBuildConfiguration;
			buildSettings = {
				ALWAYS_EMBED_SWIFT_STANDARD_LIBRARIES = YES;
				CODE_SIGN_STYLE = Automatic;
				CURRENT_PROJECT_VERSION = 1;
				GENERATE_INFOPLIST_FILE = YES;
				MARKETING_VERSION = 1.0;
				PRODUCT_BUNDLE_IDENTIFIER = "at.ac.htl-leonding.swift-frontendUITests";
				PRODUCT_NAME = "$(TARGET_NAME)";
				SWIFT_EMIT_LOC_STRINGS = NO;
				SWIFT_VERSION = 5.0;
				TARGETED_DEVICE_FAMILY = "1,2";
				TEST_TARGET_NAME = "swift-frontend";
			};
			name = Debug;
		};
		FA6BC7B42DDB623D001F319F /* Release */ = {
			isa = XCBuildConfiguration;
			buildSettings = {
				ALWAYS_EMBED_SWIFT_STANDARD_LIBRARIES = YES;
				CODE_SIGN_STYLE = Automatic;
				CURRENT_PROJECT_VERSION = 1;
				GENERATE_INFOPLIST_FILE = YES;
				MARKETING_VERSION = 1.0;
				PRODUCT_BUNDLE_IDENTIFIER = "at.ac.htl-leonding.swift-frontendUITests";
				PRODUCT_NAME = "$(TARGET_NAME)";
				SWIFT_EMIT_LOC_STRINGS = NO;
				SWIFT_VERSION = 5.0;
				TARGETED_DEVICE_FAMILY = "1,2";
				TEST_TARGET_NAME = "swift-frontend";
			};
			name = Release;
		};
/* End XCBuildConfiguration section */

/* Begin XCConfigurationList section */
		FA6BC7832DDB6239001F319F /* Build configuration list for PBXProject "swift-frontend" */ = {
			isa = XCConfigurationList;
			buildConfigurations = (
				FA6BC7AA2DDB623D001F319F /* Debug */,
				FA6BC7AB2DDB623D001F319F /* Release */,
			);
			defaultConfigurationIsVisible = 0;
			defaultConfigurationName = Release;
		};
		FA6BC7AC2DDB623D001F319F /* Build configuration list for PBXNativeTarget "swift-frontend" */ = {
			isa = XCConfigurationList;
			buildConfigurations = (
				FA6BC7AD2DDB623D001F319F /* Debug */,
				FA6BC7AE2DDB623D001F319F /* Release */,
			);
			defaultConfigurationIsVisible = 0;
			defaultConfigurationName = Release;
		};
		FA6BC7AF2DDB623D001F319F /* Build configuration list for PBXNativeTarget "swift-frontendTests" */ = {
			isa = XCConfigurationList;
			buildConfigurations = (
				FA6BC7B02DDB623D001F319F /* Debug */,
				FA6BC7B12DDB623D001F319F /* Release */,
			);
			defaultConfigurationIsVisible = 0;
			defaultConfigurationName = Release;
		};
		FA6BC7B22DDB623D001F319F /* Build configuration list for PBXNativeTarget "swift-frontendUITests" */ = {
			isa = XCConfigurationList;
			buildConfigurations = (
				FA6BC7B32DDB623D001F319F /* Debug */,
				FA6BC7B42DDB623D001F319F /* Release */,
			);
			defaultConfigurationIsVisible = 0;
			defaultConfigurationName = Release;
		};
/* End XCConfigurationList section */
	};
	rootObject = FA6BC7802DDB6239001F319F /* Project object */;
}
